// !$*UTF8*$!
{
	archiveVersion = 1;
	classes = {
	};
	objectVersion = 55;
	objects = {

/* Begin PBXBuildFile section */
		144B8C1E27F2CCCB008ED0F7 /* AppDelegate.swift in Sources */ = {isa = PBXBuildFile; fileRef = 144B8C1D27F2CCCB008ED0F7 /* AppDelegate.swift */; };
		144B8C2027F2CCCB008ED0F7 /* SceneDelegate.swift in Sources */ = {isa = PBXBuildFile; fileRef = 144B8C1F27F2CCCB008ED0F7 /* SceneDelegate.swift */; };
		144B8C2227F2CCCB008ED0F7 /* ViewController.swift in Sources */ = {isa = PBXBuildFile; fileRef = 144B8C2127F2CCCB008ED0F7 /* ViewController.swift */; };
		144B8C2527F2CCCB008ED0F7 /* Main.storyboard in Resources */ = {isa = PBXBuildFile; fileRef = 144B8C2327F2CCCB008ED0F7 /* Main.storyboard */; };
		144B8C2727F2CCCF008ED0F7 /* Assets.xcassets in Resources */ = {isa = PBXBuildFile; fileRef = 144B8C2627F2CCCF008ED0F7 /* Assets.xcassets */; };
		144B8C2A27F2CCCF008ED0F7 /* LaunchScreen.storyboard in Resources */ = {isa = PBXBuildFile; fileRef = 144B8C2827F2CCCF008ED0F7 /* LaunchScreen.storyboard */; };
		144B8C3227F2D1B3008ED0F7 /* Meigon.swift in Sources */ = {isa = PBXBuildFile; fileRef = 144B8C3127F2D1B3008ED0F7 /* Meigon.swift */; };
/* End PBXBuildFile section */

/* Begin PBXFileReference section */
		144B8C1A27F2CCCB008ED0F7 /* meigon.app */ = {isa = PBXFileReference; explicitFileType = wrapper.application; includeInIndex = 0; path = meigon.app; sourceTree = BUILT_PRODUCTS_DIR; };
		144B8C1D27F2CCCB008ED0F7 /* AppDelegate.swift */ = {isa = PBXFileReference; lastKnownFileType = sourcecode.swift; path = AppDelegate.swift; sourceTree = "<group>"; };
		144B8C1F27F2CCCB008ED0F7 /* SceneDelegate.swift */ = {isa = PBXFileReference; lastKnownFileType = sourcecode.swift; path = SceneDelegate.swift; sourceTree = "<group>"; };
		144B8C2127F2CCCB008ED0F7 /* ViewController.swift */ = {isa = PBXFileReference; lastKnownFileType = sourcecode.swift; path = ViewController.swift; sourceTree = "<group>"; };
		144B8C2427F2CCCB008ED0F7 /* Base */ = {isa = PBXFileReference; lastKnownFileType = file.storyboard; name = Base; path = Base.lproj/Main.storyboard; sourceTree = "<group>"; };
		144B8C2627F2CCCF008ED0F7 /* Assets.xcassets */ = {isa = PBXFileReference; lastKnownFileType = folder.assetcatalog; path = Assets.xcassets; sourceTree = "<group>"; };
		144B8C2927F2CCCF008ED0F7 /* Base */ = {isa = PBXFileReference; lastKnownFileType = file.storyboard; name = Base; path = Base.lproj/LaunchScreen.storyboard; sourceTree = "<group>"; };
		144B8C2B27F2CCCF008ED0F7 /* Info.plist */ = {isa = PBXFileReference; lastKnownFileType = text.plist.xml; path = Info.plist; sourceTree = "<group>"; };
		144B8C3127F2D1B3008ED0F7 /* Meigon.swift */ = {isa = PBXFileReference; lastKnownFileType = sourcecode.swift; path = Meigon.swift; sourceTree = "<group>"; };
/* End PBXFileReference section */

/* Begin PBXFrameworksBuildPhase section */
		144B8C1727F2CCCB008ED0F7 /* Frameworks */ = {
			isa = PBXFrameworksBuildPhase;
			buildActionMask = 2147483647;
			files = (
			);
			runOnlyForDeploymentPostprocessing = 0;
		};
/* End PBXFrameworksBuildPhase section */

/* Begin PBXGroup section */
		144B8C1127F2CCCB008ED0F7 = {
			isa = PBXGroup;
			children = (
				144B8C1C27F2CCCB008ED0F7 /* meigon */,
				144B8C1B27F2CCCB008ED0F7 /* Products */,
			);
			sourceTree = "<group>";
		};
		144B8C1B27F2CCCB008ED0F7 /* Products */ = {
			isa = PBXGroup;
			children = (
				144B8C1A27F2CCCB008ED0F7 /* meigon.app */,
			);
			name = Products;
			sourceTree = "<group>";
		};
		144B8C1C27F2CCCB008ED0F7 /* meigon */ = {
			isa = PBXGroup;
			children = (
				144B8C1D27F2CCCB008ED0F7 /* AppDelegate.swift */,
				144B8C1F27F2CCCB008ED0F7 /* SceneDelegate.swift */,
				144B8C2127F2CCCB008ED0F7 /* ViewController.swift */,
				144B8C2327F2CCCB008ED0F7 /* Main.storyboard */,
				144B8C2627F2CCCF008ED0F7 /* Assets.xcassets */,
				144B8C2827F2CCCF008ED0F7 /* LaunchScreen.storyboard */,
				144B8C2B27F2CCCF008ED0F7 /* Info.plist */,
				144B8C3127F2D1B3008ED0F7 /* Meigon.swift */,
			);
			path = meigon;
			sourceTree = "<group>";
		};
/* End PBXGroup section */

/* Begin PBXNativeTarget section */
		144B8C1927F2CCCB008ED0F7 /* meigon */ = {
			isa = PBXNativeTarget;
			buildConfigurationList = 144B8C2E27F2CCCF008ED0F7 /* Build configuration list for PBXNativeTarget "meigon" */;
			buildPhases = (
				144B8C1627F2CCCB008ED0F7 /* Sources */,
				144B8C1727F2CCCB008ED0F7 /* Frameworks */,
				144B8C1827F2CCCB008ED0F7 /* Resources */,
			);
			buildRules = (
			);
			dependencies = (
			);
			name = meigon;
			productName = meigon;
			productReference = 144B8C1A27F2CCCB008ED0F7 /* meigon.app */;
			productType = "com.apple.product-type.application";
		};
/* End PBXNativeTarget section */

/* Begin PBXProject section */
		144B8C1227F2CCCB008ED0F7 /* Project object */ = {
			isa = PBXProject;
			attributes = {
				BuildIndependentTargetsInParallel = 1;
				LastSwiftUpdateCheck = 1330;
				LastUpgradeCheck = 1330;
				TargetAttributes = {
					144B8C1927F2CCCB008ED0F7 = {
						CreatedOnToolsVersion = 13.3;
					};
				};
			};
			buildConfigurationList = 144B8C1527F2CCCB008ED0F7 /* Build configuration list for PBXProject "meigon" */;
			compatibilityVersion = "Xcode 13.0";
			developmentRegion = en;
			hasScannedForEncodings = 0;
			knownRegions = (
				en,
				Base,
			);
			mainGroup = 144B8C1127F2CCCB008ED0F7;
			productRefGroup = 144B8C1B27F2CCCB008ED0F7 /* Products */;
			projectDirPath = "";
			projectRoot = "";
			targets = (
				144B8C1927F2CCCB008ED0F7 /* meigon */,
			);
		};
/* End PBXProject section */

/* Begin PBXResourcesBuildPhase section */
		144B8C1827F2CCCB008ED0F7 /* Resources */ = {
			isa = PBXResourcesBuildPhase;
			buildActionMask = 2147483647;
			files = (
				144B8C2A27F2CCCF008ED0F7 /* LaunchScreen.storyboard in Resources */,
				144B8C2727F2CCCF008ED0F7 /* Assets.xcassets in Resources */,
				144B8C2527F2CCCB008ED0F7 /* Main.storyboard in Resources */,
			);
			runOnlyForDeploymentPostprocessing = 0;
		};
/* End PBXResourcesBuildPhase section */

/* Begin PBXSourcesBuildPhase section */
		144B8C1627F2CCCB008ED0F7 /* Sources */ = {
			isa = PBXSourcesBuildPhase;
			buildActionMask = 2147483647;
			files = (
				144B8C2227F2CCCB008ED0F7 /* ViewController.swift in Sources */,
				144B8C1E27F2CCCB008ED0F7 /* AppDelegate.swift in Sources */,
				144B8C3227F2D1B3008ED0F7 /* Meigon.swift in Sources */,
				144B8C2027F2CCCB008ED0F7 /* SceneDelegate.swift in Sources */,
			);
			runOnlyForDeploymentPostprocessing = 0;
		};
/* End PBXSourcesBuildPhase section */

/* Begin PBXVariantGroup section */
		144B8C2327F2CCCB008ED0F7 /* Main.storyboard */ = {
			isa = PBXVariantGroup;
			children = (
				144B8C2427F2CCCB008ED0F7 /* Base */,
			);
			name = Main.storyboard;
			sourceTree = "<group>";
		};
		144B8C2827F2CCCF008ED0F7 /* LaunchScreen.storyboard */ = {
			isa = PBXVariantGroup;
			children = (
				144B8C2927F2CCCF008ED0F7 /* Base */,
			);
			name = LaunchScreen.storyboard;
			sourceTree = "<group>";
		};
/* End PBXVariantGroup section */

/* Begin XCBuildConfiguration section */
		144B8C2C27F2CCCF008ED0F7 /* Debug */ = {
			isa = XCBuildConfiguration;
			buildSettings = {
				ALWAYS_SEARCH_USER_PATHS = NO;
				CLANG_ANALYZER_NONNULL = YES;
				CLANG_ANALYZER_NUMBER_OBJECT_CONVERSION = YES_AGGRESSIVE;
				CLANG_CXX_LANGUAGE_STANDARD = "gnu++17";
				CLANG_ENABLE_MODULES = YES;
				CLANG_ENABLE_OBJC_ARC = YES;
				CLANG_ENABLE_OBJC_WEAK = YES;
				CLANG_WARN_BLOCK_CAPTURE_AUTORELEASING = YES;
				CLANG_WARN_BOOL_CONVERSION = YES;
				CLANG_WARN_COMMA = YES;
				CLANG_WARN_CONSTANT_CONVERSION = YES;
				CLANG_WARN_DEPRECATED_OBJC_IMPLEMENTATIONS = YES;
				CLANG_WARN_DIRECT_OBJC_ISA_USAGE = YES_ERROR;
				CLANG_WARN_DOCUMENTATION_COMMENTS = YES;
				CLANG_WARN_EMPTY_BODY = YES;
				CLANG_WARN_ENUM_CONVERSION = YES;
				CLANG_WARN_INFINITE_RECURSION = YES;
				CLANG_WARN_INT_CONVERSION = YES;
				CLANG_WARN_NON_LITERAL_NULL_CONVERSION = YES;
				CLANG_WARN_OBJC_IMPLICIT_RETAIN_SELF = YES;
				CLANG_WARN_OBJC_LITERAL_CONVERSION = YES;
				CLANG_WARN_OBJC_ROOT_CLASS = YES_ERROR;
				CLANG_WARN_QUOTED_INCLUDE_IN_FRAMEWORK_HEADER = YES;
				CLANG_WARN_RANGE_LOOP_ANALYSIS = YES;
				CLANG_WARN_STRICT_PROTOTYPES = YES;
				CLANG_WARN_SUSPICIOUS_MOVE = YES;
				CLANG_WARN_UNGUARDED_AVAILABILITY = YES_AGGRESSIVE;
				CLANG_WARN_UNREACHABLE_CODE = YES;
				CLANG_WARN__DUPLICATE_METHOD_MATCH = YES;
				COPY_PHASE_STRIP = NO;
				DEBUG_INFORMATION_FORMAT = dwarf;
				ENABLE_STRICT_OBJC_MSGSEND = YES;
				ENABLE_TESTABILITY = YES;
				GCC_C_LANGUAGE_STANDARD = gnu11;
				GCC_DYNAMIC_NO_PIC = NO;
				GCC_NO_COMMON_BLOCKS = YES;
				GCC_OPTIMIZATION_LEVEL = 0;
				GCC_PREPROCESSOR_DEFINITIONS = (
					"DEBUG=1",
					"$(inherited)",
				);
				GCC_WARN_64_TO_32_BIT_CONVERSION = YES;
				GCC_WARN_ABOUT_RETURN_TYPE = YES_ERROR;
				GCC_WARN_UNDECLARED_SELECTOR = YES;
				GCC_WARN_UNINITIALIZED_AUTOS = YES_AGGRESSIVE;
				GCC_WARN_UNUSED_FUNCTION = YES;
				GCC_WARN_UNUSED_VARIABLE = YES;
				IPHONEOS_DEPLOYMENT_TARGET = 15.4;
				MTL_ENABLE_DEBUG_INFO = INCLUDE_SOURCE;
				MTL_FAST_MATH = YES;
				ONLY_ACTIVE_ARCH = YES;
				SDKROOT = iphoneos;
				SWIFT_ACTIVE_COMPILATION_CONDITIONS = DEBUG;
				SWIFT_OPTIMIZATION_LEVEL = "-Onone";
			};
			name = Debug;
		};
		144B8C2D27F2CCCF008ED0F7 /* Release */ = {
			isa = XCBuildConfiguration;
			buildSettings = {
				ALWAYS_SEARCH_USER_PATHS = NO;
				CLANG_ANALYZER_NONNULL = YES;
				CLANG_ANALYZER_NUMBER_OBJECT_CONVERSION = YES_AGGRESSIVE;
				CLANG_CXX_LANGUAGE_STANDARD = "gnu++17";
				CLANG_ENABLE_MODULES = YES;
				CLANG_ENABLE_OBJC_ARC = YES;
				CLANG_ENABLE_OBJC_WEAK = YES;
				CLANG_WARN_BLOCK_CAPTURE_AUTORELEASING = YES;
				CLANG_WARN_BOOL_CONVERSION = YES;
				CLANG_WARN_COMMA = YES;
				CLANG_WARN_CONSTANT_CONVERSION = YES;
				CLANG_WARN_DEPRECATED_OBJC_IMPLEMENTATIONS = YES;
				CLANG_WARN_DIRECT_OBJC_ISA_USAGE = YES_ERROR;
				CLANG_WARN_DOCUMENTATION_COMMENTS = YES;
				CLANG_WARN_EMPTY_BODY = YES;
				CLANG_WARN_ENUM_CONVERSION = YES;
				CLANG_WARN_INFINITE_RECURSION = YES;
				CLANG_WARN_INT_CONVERSION = YES;
				CLANG_WARN_NON_LITERAL_NULL_CONVERSION = YES;
				CLANG_WARN_OBJC_IMPLICIT_RETAIN_SELF = YES;
				CLANG_WARN_OBJC_LITERAL_CONVERSION = YES;
				CLANG_WARN_OBJC_ROOT_CLASS = YES_ERROR;
				CLANG_WARN_QUOTED_INCLUDE_IN_FRAMEWORK_HEADER = YES;
				CLANG_WARN_RANGE_LOOP_ANALYSIS = YES;
				CLANG_WARN_STRICT_PROTOTYPES = YES;
				CLANG_WARN_SUSPICIOUS_MOVE = YES;
				CLANG_WARN_UNGUARDED_AVAILABILITY = YES_AGGRESSIVE;
				CLANG_WARN_UNREACHABLE_CODE = YES;
				CLANG_WARN__DUPLICATE_METHOD_MATCH = YES;
				COPY_PHASE_STRIP = NO;
				DEBUG_INFORMATION_FORMAT = "dwarf-with-dsym";
				ENABLE_NS_ASSERTIONS = NO;
				ENABLE_STRICT_OBJC_MSGSEND = YES;
				GCC_C_LANGUAGE_STANDARD = gnu11;
				GCC_NO_COMMON_BLOCKS = YES;
				GCC_WARN_64_TO_32_BIT_CONVERSION = YES;
				GCC_WARN_ABOUT_RETURN_TYPE = YES_ERROR;
				GCC_WARN_UNDECLARED_SELECTOR = YES;
				GCC_WARN_UNINITIALIZED_AUTOS = YES_AGGRESSIVE;
				GCC_WARN_UNUSED_FUNCTION = YES;
				GCC_WARN_UNUSED_VARIABLE = YES;
				IPHONEOS_DEPLOYMENT_TARGET = 15.4;
				MTL_ENABLE_DEBUG_INFO = NO;
				MTL_FAST_MATH = YES;
				SDKROOT = iphoneos;
				SWIFT_COMPILATION_MODE = wholemodule;
				SWIFT_OPTIMIZATION_LEVEL = "-O";
				VALIDATE_PRODUCT = YES;
			};
			name = Release;
		};
		144B8C2F27F2CCCF008ED0F7 /* Debug */ = {
			isa = XCBuildConfiguration;
			buildSettings = {
				ASSETCATALOG_COMPILER_APPICON_NAME = AppIcon;
				ASSETCATALOG_COMPILER_GLOBAL_ACCENT_COLOR_NAME = AccentColor;
				CODE_SIGN_STYLE = Automatic;
				CURRENT_PROJECT_VERSION = 1;
				DEVELOPMENT_TEAM = 84F5W52ST4;
				GENERATE_INFOPLIST_FILE = YES;
				INFOPLIST_FILE = meigon/Info.plist;
				INFOPLIST_KEY_UIApplicationSupportsIndirectInputEvents = YES;
				INFOPLIST_KEY_UILaunchStoryboardName = LaunchScreen;
				INFOPLIST_KEY_UIMainStoryboardFile = Main;
				INFOPLIST_KEY_UISupportedInterfaceOrientations_iPad = "UIInterfaceOrientationPortrait UIInterfaceOrientationPortraitUpsideDown UIInterfaceOrientationLandscapeLeft UIInterfaceOrientationLandscapeRight";
				INFOPLIST_KEY_UISupportedInterfaceOrientations_iPhone = "UIInterfaceOrientationPortrait UIInterfaceOrientationLandscapeLeft UIInterfaceOrientationLandscapeRight";
				LD_RUNPATH_SEARCH_PATHS = (
					"$(inherited)",
					"@executable_path/Frameworks",
				);
				MARKETING_VERSION = 1.0;
				PRODUCT_BUNDLE_IDENTIFIER = "jp.co.ais-edu.meigon";
				PRODUCT_NAME = "$(TARGET_NAME)";
				SWIFT_EMIT_LOC_STRINGS = YES;
				SWIFT_VERSION = 5.0;
				TARGETED_DEVICE_FAMILY = "1,2";
			};
			name = Debug;
		};
		144B8C3027F2CCCF008ED0F7 /* Release */ = {
			isa = XCBuildConfiguration;
			buildSettings = {
				ASSETCATALOG_COMPILER_APPICON_NAME = AppIcon;
				ASSETCATALOG_COMPILER_GLOBAL_ACCENT_COLOR_NAME = AccentColor;
				CODE_SIGN_STYLE = Automatic;
				CURRENT_PROJECT_VERSION = 1;
				DEVELOPMENT_TEAM = 84F5W52ST4;
				GENERATE_INFOPLIST_FILE = YES;
				INFOPLIST_FILE = meigon/Info.plist;
				INFOPLIST_KEY_UIApplicationSupportsIndirectInputEvents = YES;
				INFOPLIST_KEY_UILaunchStoryboardName = LaunchScreen;
				INFOPLIST_KEY_UIMainStoryboardFile = Main;
				INFOPLIST_KEY_UISupportedInterfaceOrientations_iPad = "UIInterfaceOrientationPortrait UIInterfaceOrientationPortraitUpsideDown UIInterfaceOrientationLandscapeLeft UIInterfaceOrientationLandscapeRight";
				INFOPLIST_KEY_UISupportedInterfaceOrientations_iPhone = "UIInterfaceOrientationPortrait UIInterfaceOrientationLandscapeLeft UIInterfaceOrientationLandscapeRight";
				LD_RUNPATH_SEARCH_PATHS = (
					"$(inherited)",
					"@executable_path/Frameworks",
				);
				MARKETING_VERSION = 1.0;
				PRODUCT_BUNDLE_IDENTIFIER = "jp.co.ais-edu.meigon";
				PRODUCT_NAME = "$(TARGET_NAME)";
				SWIFT_EMIT_LOC_STRINGS = YES;
				SWIFT_VERSION = 5.0;
				TARGETED_DEVICE_FAMILY = "1,2";
			};
			name = Release;
		};
/* End XCBuildConfiguration section */

/* Begin XCConfigurationList section */
		144B8C1527F2CCCB008ED0F7 /* Build configuration list for PBXProject "meigon" */ = {
			isa = XCConfigurationList;
			buildConfigurations = (
				144B8C2C27F2CCCF008ED0F7 /* Debug */,
				144B8C2D27F2CCCF008ED0F7 /* Release */,
			);
			defaultConfigurationIsVisible = 0;
			defaultConfigurationName = Release;
		};
		144B8C2E27F2CCCF008ED0F7 /* Build configuration list for PBXNativeTarget "meigon" */ = {
			isa = XCConfigurationList;
			buildConfigurations = (
				144B8C2F27F2CCCF008ED0F7 /* Debug */,
				144B8C3027F2CCCF008ED0F7 /* Release */,
			);
			defaultConfigurationIsVisible = 0;
			defaultConfigurationName = Release;
		};
/* End XCConfigurationList section */
	};
	rootObject = 144B8C1227F2CCCB008ED0F7 /* Project object */;
}
